{
  "name": "city-landmark-map-studio",
  "lockfileVersion": 3,
  "requires": true,
  "packages": {
    "": {
      "name": "city-landmark-map-studio",
      "devDependencies": {
        "coordtransform": "2.1.2",
        "leaflet": "1.9.4"
      },
      "engines": {
        "node": ">=20"
      }
    },
    "node_modules/coordtransform": {
      "version": "2.1.2",
      "resolved": "https://registry.npmjs.org/coordtransform/-/coordtransform-2.1.2.tgz",
      "integrity": "sha512-0xLJApBlrUP+clyLJWIaqg4GXE5JTbAJb5d/CDMqebIksAMMze8eAyO6YfHEIxWJ+c42mXoMHBzWTeUrG7RFhw==",
      "dev": true,
      "license": "MIT"
    },
    "node_modules/leaflet": {
      "version": "1.9.4",
      "resolved": "https://registry.npmjs.org/leaflet/-/leaflet-1.9.4.tgz",
      "integrity": "sha512-nxS1ynzJOmOlHp+iL3FyWqK89GtNL8U8rvlMOsQdTTssxZwCXh8N2NB3GDQOL+YR3XnWyZAxwQixURb+FA74PA==",
      "dev": true,
      "license": "BSD-2-Clause"
    }
  }
}
